
Microsoft Visual Studio Solution File, Format Version 12.00
# Visual Studio 14
VisualStudioVersion = 14.0.25420.1
MinimumVisualStudioVersion = 10.0.40219.1
Project("{2150E333-8FDC-42A3-9474-1A3956D46DE8}") = "src", "src", "{068523CD-1F62-48C9-BFA3-F993E69533BA}"
EndProject
Project("{2150E333-8FDC-42A3-9474-1A3956D46DE8}") = "Solution Items", "Solution Items", "{669F6283-F55E-4E54-B175-538C1C800C33}"
	ProjectSection(SolutionItems) = preProject
		global.json = global.json
	EndProjectSection
EndProject
Project("{8BB2217D-0F2D-49D1-97BC-3654ED321F3B}") = "DependencyInjectionApp1", "src\DependencyInjectionApp1\DependencyInjectionApp1.xproj", "{3C3D2B84-6651-42A0-A3D4-2EFA9B38EF32}"
EndProject
Global
	GlobalSection(SolutionConfigurationPlatforms) = preSolution
		Debug|Any CPU = Debug|Any CPU
		Release|Any CPU = Release|Any CPU
	EndGlobalSection
	GlobalSection(ProjectConfigurationPlatforms) = postSolution
		{3C3D2B84-6651-42A0-A3D4-2EFA9B38EF32}.Debug|Any CPU.ActiveCfg = Debug|Any CPU
		{3C3D2B84-6651-42A0-A3D4-2EFA9B38EF32}.Debug|Any CPU.Build.0 = Debug|Any CPU
		{3C3D2B84-6651-42A0-A3D4-2EFA9B38EF32}.Release|Any CPU.ActiveCfg = Release|Any CPU
		{3C3D2B84-6651-42A0-A3D4-2EFA9B38EF32}.Release|Any CPU.Build.0 = Release|Any CPU
	EndGlobalSection
	GlobalSection(SolutionProperties) = preSolution
		HideSolutionNode = FALSE
	EndGlobalSection
	GlobalSection(NestedProjects) = preSolution
		{3C3D2B84-6651-42A0-A3D4-2EFA9B38EF32} = {068523CD-1F62-48C9-BFA3-F993E69533BA}
	EndGlobalSection
EndGlobal
